
Microsoft Visual Studio Solution File, Format Version 12.00
# Visual Studio Version 16
VisualStudioVersion = 16.0.29215.179
MinimumVisualStudioVersion = 10.0.40219.1
Project("{FAE04EC0-301F-11D3-BF4B-00C04F79EFBC}") = "HolaMundo", "HolaMundo\HolaMundo.csproj", "{7C93E137-05E2-407C-90AD-B20B08C9306E}"
EndProject
Global
	GlobalSection(SolutionConfigurationPlatforms) = preSolution
		Debug|Any CPU = Debug|Any CPU
		Release|Any CPU = Release|Any CPU
	EndGlobalSection
	GlobalSection(ProjectConfigurationPlatforms) = postSolution
		{7C93E137-05E2-407C-90AD-B20B08C9306E}.Debug|Any CPU.ActiveCfg = Debug|Any CPU
		{7C93E137-05E2-407C-90AD-B20B08C9306E}.Debug|Any CPU.Build.0 = Debug|Any CPU
		{7C93E137-05E2-407C-90AD-B20B08C9306E}.Release|Any CPU.ActiveCfg = Release|Any CPU
		{7C93E137-05E2-407C-90AD-B20B08C9306E}.Release|Any CPU.Build.0 = Release|Any CPU
	EndGlobalSection
	GlobalSection(SolutionProperties) = preSolution
		HideSolutionNode = FALSE
	EndGlobalSection
	GlobalSection(ExtensibilityGlobals) = postSolution
		SolutionGuid = {E231E8A7-22E5-48F3-BBA2-1B911683C512}
	EndGlobalSection
EndGlobal
